
Microsoft Visual Studio Solution File, Format Version 12.00
# Visual Studio Version 17
VisualStudioVersion = 17.13.35919.96 d17.13
MinimumVisualStudioVersion = 10.0.40219.1
Project("{FAE04EC0-301F-11D3-BF4B-00C04F79EFBC}") = "Currency Converter", "Currency Converter\Currency Converter.csproj", "{0D26D5D2-4494-4451-96D6-DA03AC17253C}"
EndProject
Global
	GlobalSection(SolutionConfigurationPlatforms) = preSolution
		Debug|Any CPU = Debug|Any CPU
		Release|Any CPU = Release|Any CPU
	EndGlobalSection
	GlobalSection(ProjectConfigurationPlatforms) = postSolution
		{0D26D5D2-4494-4451-96D6-DA03AC17253C}.Debug|Any CPU.ActiveCfg = Debug|Any CPU
		{0D26D5D2-4494-4451-96D6-DA03AC17253C}.Debug|Any CPU.Build.0 = Debug|Any CPU
		{0D26D5D2-4494-4451-96D6-DA03AC17253C}.Release|Any CPU.ActiveCfg = Release|Any CPU
		{0D26D5D2-4494-4451-96D6-DA03AC17253C}.Release|Any CPU.Build.0 = Release|Any CPU
	EndGlobalSection
	GlobalSection(SolutionProperties) = preSolution
		HideSolutionNode = FALSE
	EndGlobalSection
	GlobalSection(ExtensibilityGlobals) = postSolution
		SolutionGuid = {BC4377E1-975B-422B-99CB-02147C7527E7}
	EndGlobalSection
EndGlobal
